{
    "version": "0.5",
    "requires": [
        "zlib/1.3.1#cac0f6daea041b0ccf42934163defb20%1765284699.337",
        "openblas/0.3.30#aca4131c143d4c109923372e052c643c%1755683868.451",
        "matio/1.5.27#f6b740c597f223a29a61115c9edc48d9%1764355410.428",
        "llvm-openmp/21.1.8#7422f25791f9a7ec541c1ad64724bc8c%1772240716.997388",
        "hyhound/1.1.1#69e073a80a32bb61bea3510c5b1f71e4%1772034646.9371405",
        "hpipm/tttapa.20251105#fc16c12656fe082b41a9fa9e4300b038%1772034647.0453491",
        "guanaqo/1.0.0-alpha.24#406087db89ab0b031696b1cef243149e%1772034646.7063723",
        "gtest/1.17.0#5224b3b3ff3b4ce1133cbdd27d53ee7d%1755784855.585",
        "gsi-hpc-simd/tttapa.20250625#0e7633bb9551fe47ffc3012a094e3888%1772241160.5934174",
        "fmt/12.1.0#50abab23274d56bb8f42c94b3b9a40c7%1761885265.231",
        "eigen/5.0.1#ceac4c62a715813690dc13d666e29fbc%1763461594.306",
        "cli11/2.6.0#41e625280f9c960e9970c1dc7d2c97b8%1761229555.551",
        "blasfeo/tttapa.20260119#fd58e1edcc6576b2ad5b4d42eb1ff973%1772034646.957607",
        "benchmark/1.9.4#ce4403f7a24d3e1f907cd9da4b678be4%1749892625.885",
        "batmat/0.0.16#16f391529363c625f8a56c4408b31fc8%1772034646.9002478"
    ],
    "build_requires": [
        "tttapa-toolchains/1.2.0#69dd1150d732b6995b37631ae618c432%1772034646.8279855",
        "ninja/1.13.2#c8c5dc2a52ed6e4e42a66d75b4717ceb%1764096931.974",
        "cmake/4.2.3#c5c10d4c90874997553970589940ab9c%1769792867.095",
        "cmake/3.31.11#f325c933f618a1fcebc1e1c0babfd1ba%1769622857.944"
    ],
    "python_requires": [],
    "config_requires": []
}
